github.com/eaigner/jet v0.0.0-20140105131908-ae59b2cccfe3 h1:dOZHh7hVmgid84dAUqqJFCeZipgQS+j2jAgGoUJOxpE=
github.com/eaigner/jet v0.0.0-20140105131908-ae59b2cccfe3/go.mod h1:dDZTQm1VvYk0PrMlFHIhNE+6WPbmDv4EO8Qt96ix3Q4=
github.com/go-chi/chi v1.0.0 h1:s/kv1cTXfivYjdKJdyUzNGyAWZ/2t7duW1gKn5ivu+c=
github.com/go-chi/chi v4.1.2+incompatible h1:fGFk2Gmi/YKXk0OmGfBh0WgmN3XB8lVnEyNz34tQRec=
github.com/go-chi/chi v4.1.2+incompatible/go.mod h1:eB3wogJHnLi3x/kFX2A+IbTBlXxmMeXJVKy9tTv1XzQ=
github.com/pkg/errors v0.9.1 h1:FEBLx1zS214owpjy7qsBeixbURkuhQAwrK5UwLGTwt4=
github.com/pkg/errors v0.9.1/go.mod h1:bwawxfHBFNV+L2hUp1rHADufV3IMtnDRdf1r5NINEl0=
